// !$*UTF8*$!
{
	archiveVersion = 1;
	classes = {
	};
	objectVersion = 50;
	objects = {

/* Begin PBXBuildFile section */
		4344A70E24CDDCE6005963B9 /* Grid.swift in Sources */ = {isa = PBXBuildFile; fileRef = 4344A70D24CDDCE6005963B9 /* Grid.swift */; };
		4344A71124CDE3A1005963B9 /* GridLayout.swift in Sources */ = {isa = PBXBuildFile; fileRef = 4344A71024CDE3A1005963B9 /* GridLayout.swift */; };
		4344A71424CDE6E7005963B9 /* Array+Extension.swift in Sources */ = {isa = PBXBuildFile; fileRef = 4344A71324CDE6E7005963B9 /* Array+Extension.swift */; };
		43A7218224C86E7600082472 /* AppDelegate.swift in Sources */ = {isa = PBXBuildFile; fileRef = 43A7218124C86E7600082472 /* AppDelegate.swift */; };
		43A7218424C86E7600082472 /* SceneDelegate.swift in Sources */ = {isa = PBXBuildFile; fileRef = 43A7218324C86E7600082472 /* SceneDelegate.swift */; };
		43A7218624C86E7600082472 /* EmojiGameView.swift in Sources */ = {isa = PBXBuildFile; fileRef = 43A7218524C86E7600082472 /* EmojiGameView.swift */; };
		43A7218824C86E7A00082472 /* Assets.xcassets in Resources */ = {isa = PBXBuildFile; fileRef = 43A7218724C86E7A00082472 /* Assets.xcassets */; };
		43A7218B24C86E7A00082472 /* Preview Assets.xcassets in Resources */ = {isa = PBXBuildFile; fileRef = 43A7218A24C86E7A00082472 /* Preview Assets.xcassets */; };
		43A7218E24C86E7A00082472 /* LaunchScreen.storyboard in Resources */ = {isa = PBXBuildFile; fileRef = 43A7218C24C86E7A00082472 /* LaunchScreen.storyboard */; };
		43A7219924C86E7A00082472 /* MemorizeTests.swift in Sources */ = {isa = PBXBuildFile; fileRef = 43A7219824C86E7A00082472 /* MemorizeTests.swift */; };
		43A721A424C886DE00082472 /* MemoryGameModel.swift in Sources */ = {isa = PBXBuildFile; fileRef = 43A721A324C886DE00082472 /* MemoryGameModel.swift */; };
		43A721AD24C888C400082472 /* EmojiGameViewModel.swift in Sources */ = {isa = PBXBuildFile; fileRef = 43A721AC24C888C400082472 /* EmojiGameViewModel.swift */; };
		43A721AF24C88F9600082472 /* CardContentFactory.swift in Sources */ = {isa = PBXBuildFile; fileRef = 43A721AE24C88F9600082472 /* CardContentFactory.swift */; };
/* End PBXBuildFile section */

/* Begin PBXContainerItemProxy section */
		43A7219524C86E7A00082472 /* PBXContainerItemProxy */ = {
			isa = PBXContainerItemProxy;
			containerPortal = 43A7217624C86E7600082472 /* Project object */;
			proxyType = 1;
			remoteGlobalIDString = 43A7217D24C86E7600082472;
			remoteInfo = Memorize;
		};
/* End PBXContainerItemProxy section */

/* Begin PBXFileReference section */
		4344A70D24CDDCE6005963B9 /* Grid.swift */ = {isa = PBXFileReference; lastKnownFileType = sourcecode.swift; path = Grid.swift; sourceTree = "<group>"; };
		4344A71024CDE3A1005963B9 /* GridLayout.swift */ = {isa = PBXFileReference; fileEncoding = 4; lastKnownFileType = sourcecode.swift; path = GridLayout.swift; sourceTree = "<group>"; };
		4344A71324CDE6E7005963B9 /* Array+Extension.swift */ = {isa = PBXFileReference; lastKnownFileType = sourcecode.swift; path = "Array+Extension.swift"; sourceTree = "<group>"; };
		43A7217E24C86E7600082472 /* Memorize.app */ = {isa = PBXFileReference; explicitFileType = wrapper.application; includeInIndex = 0; path = Memorize.app; sourceTree = BUILT_PRODUCTS_DIR; };
		43A7218124C86E7600082472 /* AppDelegate.swift */ = {isa = PBXFileReference; lastKnownFileType = sourcecode.swift; path = AppDelegate.swift; sourceTree = "<group>"; };
		43A7218324C86E7600082472 /* SceneDelegate.swift */ = {isa = PBXFileReference; lastKnownFileType = sourcecode.swift; path = SceneDelegate.swift; sourceTree = "<group>"; };
		43A7218524C86E7600082472 /* EmojiGameView.swift */ = {isa = PBXFileReference; lastKnownFileType = sourcecode.swift; path = EmojiGameView.swift; sourceTree = "<group>"; };
		43A7218724C86E7A00082472 /* Assets.xcassets */ = {isa = PBXFileReference; lastKnownFileType = folder.assetcatalog; path = Assets.xcassets; sourceTree = "<group>"; };
		43A7218A24C86E7A00082472 /* Preview Assets.xcassets */ = {isa = PBXFileReference; lastKnownFileType = folder.assetcatalog; path = "Preview Assets.xcassets"; sourceTree = "<group>"; };
		43A7218D24C86E7A00082472 /* Base */ = {isa = PBXFileReference; lastKnownFileType = file.storyboard; name = Base; path = Base.lproj/LaunchScreen.storyboard; sourceTree = "<group>"; };
		43A7218F24C86E7A00082472 /* Info.plist */ = {isa = PBXFileReference; lastKnownFileType = text.plist.xml; path = Info.plist; sourceTree = "<group>"; };
		43A7219424C86E7A00082472 /* MemorizeTests.xctest */ = {isa = PBXFileReference; explicitFileType = wrapper.cfbundle; includeInIndex = 0; path = MemorizeTests.xctest; sourceTree = BUILT_PRODUCTS_DIR; };
		43A7219824C86E7A00082472 /* MemorizeTests.swift */ = {isa = PBXFileReference; lastKnownFileType = sourcecode.swift; path = MemorizeTests.swift; sourceTree = "<group>"; };
		43A7219A24C86E7A00082472 /* Info.plist */ = {isa = PBXFileReference; lastKnownFileType = text.plist.xml; path = Info.plist; sourceTree = "<group>"; };
		43A721A324C886DE00082472 /* MemoryGameModel.swift */ = {isa = PBXFileReference; lastKnownFileType = sourcecode.swift; path = MemoryGameModel.swift; sourceTree = "<group>"; };
		43A721AC24C888C400082472 /* EmojiGameViewModel.swift */ = {isa = PBXFileReference; lastKnownFileType = sourcecode.swift; path = EmojiGameViewModel.swift; sourceTree = "<group>"; };
		43A721AE24C88F9600082472 /* CardContentFactory.swift */ = {isa = PBXFileReference; lastKnownFileType = sourcecode.swift; path = CardContentFactory.swift; sourceTree = "<group>"; };
/* End PBXFileReference section */

/* Begin PBXFrameworksBuildPhase section */
		43A7217B24C86E7600082472 /* Frameworks */ = {
			isa = PBXFrameworksBuildPhase;
			buildActionMask = 2147483647;
			files = (
			);
			runOnlyForDeploymentPostprocessing = 0;
		};
		43A7219124C86E7A00082472 /* Frameworks */ = {
			isa = PBXFrameworksBuildPhase;
			buildActionMask = 2147483647;
			files = (
			);
			runOnlyForDeploymentPostprocessing = 0;
		};
/* End PBXFrameworksBuildPhase section */

/* Begin PBXGroup section */
		4344A70F24CDE38D005963B9 /* Grid */ = {
			isa = PBXGroup;
			children = (
				4344A70D24CDDCE6005963B9 /* Grid.swift */,
				4344A71024CDE3A1005963B9 /* GridLayout.swift */,
			);
			path = Grid;
			sourceTree = "<group>";
		};
		4344A71224CDE6CE005963B9 /* Extensions */ = {
			isa = PBXGroup;
			children = (
				4344A71324CDE6E7005963B9 /* Array+Extension.swift */,
			);
			path = Extensions;
			sourceTree = "<group>";
		};
		43A7217524C86E7600082472 = {
			isa = PBXGroup;
			children = (
				43A7218024C86E7600082472 /* Memorize */,
				43A7219724C86E7A00082472 /* MemorizeTests */,
				43A7217F24C86E7600082472 /* Products */,
			);
			sourceTree = "<group>";
		};
		43A7217F24C86E7600082472 /* Products */ = {
			isa = PBXGroup;
			children = (
				43A7217E24C86E7600082472 /* Memorize.app */,
				43A7219424C86E7A00082472 /* MemorizeTests.xctest */,
			);
			name = Products;
			sourceTree = "<group>";
		};
		43A7218024C86E7600082472 /* Memorize */ = {
			isa = PBXGroup;
			children = (
				4344A71224CDE6CE005963B9 /* Extensions */,
				43A721AB24C8877700082472 /* Scenes */,
				43A721A824C8874000082472 /* Infrastructure */,
				43A721AA24C8875C00082472 /* SupportingFiles */,
				43A721A924C8875200082472 /* Resources */,
				43A7218924C86E7A00082472 /* Preview Content */,
			);
			path = Memorize;
			sourceTree = "<group>";
		};
		43A7218924C86E7A00082472 /* Preview Content */ = {
			isa = PBXGroup;
			children = (
				43A7218A24C86E7A00082472 /* Preview Assets.xcassets */,
			);
			path = "Preview Content";
			sourceTree = "<group>";
		};
		43A7219724C86E7A00082472 /* MemorizeTests */ = {
			isa = PBXGroup;
			children = (
				43A7219824C86E7A00082472 /* MemorizeTests.swift */,
				43A7219A24C86E7A00082472 /* Info.plist */,
			);
			path = MemorizeTests;
			sourceTree = "<group>";
		};
		43A721A524C886E700082472 /* View */ = {
			isa = PBXGroup;
			children = (
				4344A70F24CDE38D005963B9 /* Grid */,
				43A7218524C86E7600082472 /* EmojiGameView.swift */,
			);
			path = View;
			sourceTree = "<group>";
		};
		43A721A624C886F800082472 /* Model */ = {
			isa = PBXGroup;
			children = (
				43A721A324C886DE00082472 /* MemoryGameModel.swift */,
			);
			path = Model;
			sourceTree = "<group>";
		};
		43A721A724C8870E00082472 /* ViewModel */ = {
			isa = PBXGroup;
			children = (
				43A721AC24C888C400082472 /* EmojiGameViewModel.swift */,
				43A721AE24C88F9600082472 /* CardContentFactory.swift */,
			);
			path = ViewModel;
			sourceTree = "<group>";
		};
		43A721A824C8874000082472 /* Infrastructure */ = {
			isa = PBXGroup;
			children = (
				43A7218124C86E7600082472 /* AppDelegate.swift */,
				43A7218324C86E7600082472 /* SceneDelegate.swift */,
			);
			path = Infrastructure;
			sourceTree = "<group>";
		};
		43A721A924C8875200082472 /* Resources */ = {
			isa = PBXGroup;
			children = (
				43A7218724C86E7A00082472 /* Assets.xcassets */,
				43A7218C24C86E7A00082472 /* LaunchScreen.storyboard */,
			);
			path = Resources;
			sourceTree = "<group>";
		};
		43A721AA24C8875C00082472 /* SupportingFiles */ = {
			isa = PBXGroup;
			children = (
				43A7218F24C86E7A00082472 /* Info.plist */,
			);
			path = SupportingFiles;
			sourceTree = "<group>";
		};
		43A721AB24C8877700082472 /* Scenes */ = {
			isa = PBXGroup;
			children = (
				43A721A624C886F800082472 /* Model */,
				43A721A724C8870E00082472 /* ViewModel */,
				43A721A524C886E700082472 /* View */,
			);
			path = Scenes;
			sourceTree = "<group>";
		};
/* End PBXGroup section */

/* Begin PBXNativeTarget section */
		43A7217D24C86E7600082472 /* Memorize */ = {
			isa = PBXNativeTarget;
			buildConfigurationList = 43A7219D24C86E7A00082472 /* Build configuration list for PBXNativeTarget "Memorize" */;
			buildPhases = (
				43A7217A24C86E7600082472 /* Sources */,
				43A7217B24C86E7600082472 /* Frameworks */,
				43A7217C24C86E7600082472 /* Resources */,
			);
			buildRules = (
			);
			dependencies = (
			);
			name = Memorize;
			productName = Memorize;
			productReference = 43A7217E24C86E7600082472 /* Memorize.app */;
			productType = "com.apple.product-type.application";
		};
		43A7219324C86E7A00082472 /* MemorizeTests */ = {
			isa = PBXNativeTarget;
			buildConfigurationList = 43A721A024C86E7A00082472 /* Build configuration list for PBXNativeTarget "MemorizeTests" */;
			buildPhases = (
				43A7219024C86E7A00082472 /* Sources */,
				43A7219124C86E7A00082472 /* Frameworks */,
				43A7219224C86E7A00082472 /* Resources */,
			);
			buildRules = (
			);
			dependencies = (
				43A7219624C86E7A00082472 /* PBXTargetDependency */,
			);
			name = MemorizeTests;
			productName = MemorizeTests;
			productReference = 43A7219424C86E7A00082472 /* MemorizeTests.xctest */;
			productType = "com.apple.product-type.bundle.unit-test";
		};
/* End PBXNativeTarget section */

/* Begin PBXProject section */
		43A7217624C86E7600082472 /* Project object */ = {
			isa = PBXProject;
			attributes = {
				LastSwiftUpdateCheck = 1150;
				LastUpgradeCheck = 1150;
				ORGANIZATIONNAME = "Isabel Briant";
				TargetAttributes = {
					43A7217D24C86E7600082472 = {
						CreatedOnToolsVersion = 11.5;
					};
					43A7219324C86E7A00082472 = {
						CreatedOnToolsVersion = 11.5;
						TestTargetID = 43A7217D24C86E7600082472;
					};
				};
			};
			buildConfigurationList = 43A7217924C86E7600082472 /* Build configuration list for PBXProject "Memorize" */;
			compatibilityVersion = "Xcode 9.3";
			developmentRegion = en;
			hasScannedForEncodings = 0;
			knownRegions = (
				en,
				Base,
			);
			mainGroup = 43A7217524C86E7600082472;
			productRefGroup = 43A7217F24C86E7600082472 /* Products */;
			projectDirPath = "";
			projectRoot = "";
			targets = (
				43A7217D24C86E7600082472 /* Memorize */,
				43A7219324C86E7A00082472 /* MemorizeTests */,
			);
		};
/* End PBXProject section */

/* Begin PBXResourcesBuildPhase section */
		43A7217C24C86E7600082472 /* Resources */ = {
			isa = PBXResourcesBuildPhase;
			buildActionMask = 2147483647;
			files = (
				43A7218E24C86E7A00082472 /* LaunchScreen.storyboard in Resources */,
				43A7218B24C86E7A00082472 /* Preview Assets.xcassets in Resources */,
				43A7218824C86E7A00082472 /* Assets.xcassets in Resources */,
			);
			runOnlyForDeploymentPostprocessing = 0;
		};
		43A7219224C86E7A00082472 /* Resources */ = {
			isa = PBXResourcesBuildPhase;
			buildActionMask = 2147483647;
			files = (
			);
			runOnlyForDeploymentPostprocessing = 0;
		};
/* End PBXResourcesBuildPhase section */

/* Begin PBXSourcesBuildPhase section */
		43A7217A24C86E7600082472 /* Sources */ = {
			isa = PBXSourcesBuildPhase;
			buildActionMask = 2147483647;
			files = (
				43A7218224C86E7600082472 /* AppDelegate.swift in Sources */,
				43A7218424C86E7600082472 /* SceneDelegate.swift in Sources */,
				43A721AF24C88F9600082472 /* CardContentFactory.swift in Sources */,
				4344A71424CDE6E7005963B9 /* Array+Extension.swift in Sources */,
				43A721A424C886DE00082472 /* MemoryGameModel.swift in Sources */,
				43A7218624C86E7600082472 /* EmojiGameView.swift in Sources */,
				4344A70E24CDDCE6005963B9 /* Grid.swift in Sources */,
				43A721AD24C888C400082472 /* EmojiGameViewModel.swift in Sources */,
				4344A71124CDE3A1005963B9 /* GridLayout.swift in Sources */,
			);
			runOnlyForDeploymentPostprocessing = 0;
		};
		43A7219024C86E7A00082472 /* Sources */ = {
			isa = PBXSourcesBuildPhase;
			buildActionMask = 2147483647;
			files = (
				43A7219924C86E7A00082472 /* MemorizeTests.swift in Sources */,
			);
			runOnlyForDeploymentPostprocessing = 0;
		};
/* End PBXSourcesBuildPhase section */

/* Begin PBXTargetDependency section */
		43A7219624C86E7A00082472 /* PBXTargetDependency */ = {
			isa = PBXTargetDependency;
			target = 43A7217D24C86E7600082472 /* Memorize */;
			targetProxy = 43A7219524C86E7A00082472 /* PBXContainerItemProxy */;
		};
/* End PBXTargetDependency section */

/* Begin PBXVariantGroup section */
		43A7218C24C86E7A00082472 /* LaunchScreen.storyboard */ = {
			isa = PBXVariantGroup;
			children = (
				43A7218D24C86E7A00082472 /* Base */,
			);
			name = LaunchScreen.storyboard;
			sourceTree = "<group>";
		};
/* End PBXVariantGroup section */

/* Begin XCBuildConfiguration section */
		43A7219B24C86E7A00082472 /* Debug */ = {
			isa = XCBuildConfiguration;
			buildSettings = {
				ALWAYS_SEARCH_USER_PATHS = NO;
				CLANG_ANALYZER_NONNULL = YES;
				CLANG_ANALYZER_NUMBER_OBJECT_CONVERSION = YES_AGGRESSIVE;
				CLANG_CXX_LANGUAGE_STANDARD = "gnu++14";
				CLANG_CXX_LIBRARY = "libc++";
				CLANG_ENABLE_MODULES = YES;
				CLANG_ENABLE_OBJC_ARC = YES;
				CLANG_ENABLE_OBJC_WEAK = YES;
				CLANG_WARN_BLOCK_CAPTURE_AUTORELEASING = YES;
				CLANG_WARN_BOOL_CONVERSION = YES;
				CLANG_WARN_COMMA = YES;
				CLANG_WARN_CONSTANT_CONVERSION = YES;
				CLANG_WARN_DEPRECATED_OBJC_IMPLEMENTATIONS = YES;
				CLANG_WARN_DIRECT_OBJC_ISA_USAGE = YES_ERROR;
				CLANG_WARN_DOCUMENTATION_COMMENTS = YES;
				CLANG_WARN_EMPTY_BODY = YES;
				CLANG_WARN_ENUM_CONVERSION = YES;
				CLANG_WARN_INFINITE_RECURSION = YES;
				CLANG_WARN_INT_CONVERSION = YES;
				CLANG_WARN_NON_LITERAL_NULL_CONVERSION = YES;
				CLANG_WARN_OBJC_IMPLICIT_RETAIN_SELF = YES;
				CLANG_WARN_OBJC_LITERAL_CONVERSION = YES;
				CLANG_WARN_OBJC_ROOT_CLASS = YES_ERROR;
				CLANG_WARN_RANGE_LOOP_ANALYSIS = YES;
				CLANG_WARN_STRICT_PROTOTYPES = YES;
				CLANG_WARN_SUSPICIOUS_MOVE = YES;
				CLANG_WARN_UNGUARDED_AVAILABILITY = YES_AGGRESSIVE;
				CLANG_WARN_UNREACHABLE_CODE = YES;
				CLANG_WARN__DUPLICATE_METHOD_MATCH = YES;
				COPY_PHASE_STRIP = NO;
				DEBUG_INFORMATION_FORMAT = dwarf;
				ENABLE_STRICT_OBJC_MSGSEND = YES;
				ENABLE_TESTABILITY = YES;
				GCC_C_LANGUAGE_STANDARD = gnu11;
				GCC_DYNAMIC_NO_PIC = NO;
				GCC_NO_COMMON_BLOCKS = YES;
				GCC_OPTIMIZATION_LEVEL = 0;
				GCC_PREPROCESSOR_DEFINITIONS = (
					"DEBUG=1",
					"$(inherited)",
				);
				GCC_WARN_64_TO_32_BIT_CONVERSION = YES;
				GCC_WARN_ABOUT_RETURN_TYPE = YES_ERROR;
				GCC_WARN_UNDECLARED_SELECTOR = YES;
				GCC_WARN_UNINITIALIZED_AUTOS = YES_AGGRESSIVE;
				GCC_WARN_UNUSED_FUNCTION = YES;
				GCC_WARN_UNUSED_VARIABLE = YES;
				IPHONEOS_DEPLOYMENT_TARGET = 13.5;
				MTL_ENABLE_DEBUG_INFO = INCLUDE_SOURCE;
				MTL_FAST_MATH = YES;
				ONLY_ACTIVE_ARCH = YES;
				SDKROOT = iphoneos;
				SWIFT_ACTIVE_COMPILATION_CONDITIONS = DEBUG;
				SWIFT_OPTIMIZATION_LEVEL = "-Onone";
			};
			name = Debug;
		};
		43A7219C24C86E7A00082472 /* Release */ = {
			isa = XCBuildConfiguration;
			buildSettings = {
				ALWAYS_SEARCH_USER_PATHS = NO;
				CLANG_ANALYZER_NONNULL = YES;
				CLANG_ANALYZER_NUMBER_OBJECT_CONVERSION = YES_AGGRESSIVE;
				CLANG_CXX_LANGUAGE_STANDARD = "gnu++14";
				CLANG_CXX_LIBRARY = "libc++";
				CLANG_ENABLE_MODULES = YES;
				CLANG_ENABLE_OBJC_ARC = YES;
				CLANG_ENABLE_OBJC_WEAK = YES;
				CLANG_WARN_BLOCK_CAPTURE_AUTORELEASING = YES;
				CLANG_WARN_BOOL_CONVERSION = YES;
				CLANG_WARN_COMMA = YES;
				CLANG_WARN_CONSTANT_CONVERSION = YES;
				CLANG_WARN_DEPRECATED_OBJC_IMPLEMENTATIONS = YES;
				CLANG_WARN_DIRECT_OBJC_ISA_USAGE = YES_ERROR;
				CLANG_WARN_DOCUMENTATION_COMMENTS = YES;
				CLANG_WARN_EMPTY_BODY = YES;
				CLANG_WARN_ENUM_CONVERSION = YES;
				CLANG_WARN_INFINITE_RECURSION = YES;
				CLANG_WARN_INT_CONVERSION = YES;
				CLANG_WARN_NON_LITERAL_NULL_CONVERSION = YES;
				CLANG_WARN_OBJC_IMPLICIT_RETAIN_SELF = YES;
				CLANG_WARN_OBJC_LITERAL_CONVERSION = YES;
				CLANG_WARN_OBJC_ROOT_CLASS = YES_ERROR;
				CLANG_WARN_RANGE_LOOP_ANALYSIS = YES;
				CLANG_WARN_STRICT_PROTOTYPES = YES;
				CLANG_WARN_SUSPICIOUS_MOVE = YES;
				CLANG_WARN_UNGUARDED_AVAILABILITY = YES_AGGRESSIVE;
				CLANG_WARN_UNREACHABLE_CODE = YES;
				CLANG_WARN__DUPLICATE_METHOD_MATCH = YES;
				COPY_PHASE_STRIP = NO;
				DEBUG_INFORMATION_FORMAT = "dwarf-with-dsym";
				ENABLE_NS_ASSERTIONS = NO;
				ENABLE_STRICT_OBJC_MSGSEND = YES;
				GCC_C_LANGUAGE_STANDARD = gnu11;
				GCC_NO_COMMON_BLOCKS = YES;
				GCC_WARN_64_TO_32_BIT_CONVERSION = YES;
				GCC_WARN_ABOUT_RETURN_TYPE = YES_ERROR;
				GCC_WARN_UNDECLARED_SELECTOR = YES;
				GCC_WARN_UNINITIALIZED_AUTOS = YES_AGGRESSIVE;
				GCC_WARN_UNUSED_FUNCTION = YES;
				GCC_WARN_UNUSED_VARIABLE = YES;
				IPHONEOS_DEPLOYMENT_TARGET = 13.5;
				MTL_ENABLE_DEBUG_INFO = NO;
				MTL_FAST_MATH = YES;
				SDKROOT = iphoneos;
				SWIFT_COMPILATION_MODE = wholemodule;
				SWIFT_OPTIMIZATION_LEVEL = "-O";
				VALIDATE_PRODUCT = YES;
			};
			name = Release;
		};
		43A7219E24C86E7A00082472 /* Debug */ = {
			isa = XCBuildConfiguration;
			buildSettings = {
				ASSETCATALOG_COMPILER_APPICON_NAME = AppIcon;
				CODE_SIGN_STYLE = Automatic;
				DEVELOPMENT_ASSET_PATHS = "\"Memorize/Preview Content\"";
				DEVELOPMENT_TEAM = 78ZTGHX497;
				ENABLE_PREVIEWS = YES;
				INFOPLIST_FILE = Memorize/SupportingFiles/Info.plist;
				LD_RUNPATH_SEARCH_PATHS = (
					"$(inherited)",
					"@executable_path/Frameworks",
				);
				PRODUCT_BUNDLE_IDENTIFIER = com.ib.Memorize;
				PRODUCT_NAME = "$(TARGET_NAME)";
				SWIFT_VERSION = 5.0;
				TARGETED_DEVICE_FAMILY = "1,2";
			};
			name = Debug;
		};
		43A7219F24C86E7A00082472 /* Release */ = {
			isa = XCBuildConfiguration;
			buildSettings = {
				ASSETCATALOG_COMPILER_APPICON_NAME = AppIcon;
				CODE_SIGN_STYLE = Automatic;
				DEVELOPMENT_ASSET_PATHS = "\"Memorize/Preview Content\"";
				DEVELOPMENT_TEAM = 78ZTGHX497;
				ENABLE_PREVIEWS = YES;
				INFOPLIST_FILE = Memorize/SupportingFiles/Info.plist;
				LD_RUNPATH_SEARCH_PATHS = (
					"$(inherited)",
					"@executable_path/Frameworks",
				);
				PRODUCT_BUNDLE_IDENTIFIER = com.ib.Memorize;
				PRODUCT_NAME = "$(TARGET_NAME)";
				SWIFT_VERSION = 5.0;
				TARGETED_DEVICE_FAMILY = "1,2";
			};
			name = Release;
		};
		43A721A124C86E7A00082472 /* Debug */ = {
			isa = XCBuildConfiguration;
			buildSettings = {
				ALWAYS_EMBED_SWIFT_STANDARD_LIBRARIES = YES;
				BUNDLE_LOADER = "$(TEST_HOST)";
				CODE_SIGN_STYLE = Automatic;
				DEVELOPMENT_TEAM = 78ZTGHX497;
				INFOPLIST_FILE = MemorizeTests/Info.plist;
				IPHONEOS_DEPLOYMENT_TARGET = 13.5;
				LD_RUNPATH_SEARCH_PATHS = (
					"$(inherited)",
					"@executable_path/Frameworks",
					"@loader_path/Frameworks",
				);
				PRODUCT_BUNDLE_IDENTIFIER = com.ib.MemorizeTests;
				PRODUCT_NAME = "$(TARGET_NAME)";
				SWIFT_VERSION = 5.0;
				TARGETED_DEVICE_FAMILY = "1,2";
				TEST_HOST = "$(BUILT_PRODUCTS_DIR)/Memorize.app/Memorize";
			};
			name = Debug;
		};
		43A721A224C86E7A00082472 /* Release */ = {
			isa = XCBuildConfiguration;
			buildSettings = {
				ALWAYS_EMBED_SWIFT_STANDARD_LIBRARIES = YES;
				BUNDLE_LOADER = "$(TEST_HOST)";
				CODE_SIGN_STYLE = Automatic;
				DEVELOPMENT_TEAM = 78ZTGHX497;
				INFOPLIST_FILE = MemorizeTests/Info.plist;
				IPHONEOS_DEPLOYMENT_TARGET = 13.5;
				LD_RUNPATH_SEARCH_PATHS = (
					"$(inherited)",
					"@executable_path/Frameworks",
					"@loader_path/Frameworks",
				);
				PRODUCT_BUNDLE_IDENTIFIER = com.ib.MemorizeTests;
				PRODUCT_NAME = "$(TARGET_NAME)";
				SWIFT_VERSION = 5.0;
				TARGETED_DEVICE_FAMILY = "1,2";
				TEST_HOST = "$(BUILT_PRODUCTS_DIR)/Memorize.app/Memorize";
			};
			name = Release;
		};
/* End XCBuildConfiguration section */

/* Begin XCConfigurationList section */
		43A7217924C86E7600082472 /* Build configuration list for PBXProject "Memorize" */ = {
			isa = XCConfigurationList;
			buildConfigurations = (
				43A7219B24C86E7A00082472 /* Debug */,
				43A7219C24C86E7A00082472 /* Release */,
			);
			defaultConfigurationIsVisible = 0;
			defaultConfigurationName = Release;
		};
		43A7219D24C86E7A00082472 /* Build configuration list for PBXNativeTarget "Memorize" */ = {
			isa = XCConfigurationList;
			buildConfigurations = (
				43A7219E24C86E7A00082472 /* Debug */,
				43A7219F24C86E7A00082472 /* Release */,
			);
			defaultConfigurationIsVisible = 0;
			defaultConfigurationName = Release;
		};
		43A721A024C86E7A00082472 /* Build configuration list for PBXNativeTarget "MemorizeTests" */ = {
			isa = XCConfigurationList;
			buildConfigurations = (
				43A721A124C86E7A00082472 /* Debug */,
				43A721A224C86E7A00082472 /* Release */,
			);
			defaultConfigurationIsVisible = 0;
			defaultConfigurationName = Release;
		};
/* End XCConfigurationList section */
	};
	rootObject = 43A7217624C86E7600082472 /* Project object */;
}
